Microsoft Visual Studio Solution File, Format Version 11.00
# Visual Studio 2008

Project("{10E9173D-530B-A20A-5019-8BFF26322B06}") = "Ai-Feb05", "Assembly-CSharp-vs.csproj", "{EFE32D65-E414-4A0D-743A-295A6A05C2FA}"
EndProject
Global
	GlobalSection(SolutionConfigurationPlatforms) = preSolution
		Debug|Any CPU = Debug|Any CPU
		Release|Any CPU = Release|Any CPU
	EndGlobalSection
	GlobalSection(ProjectConfigurationPlatforms) = postSolution
		{EFE32D65-E414-4A0D-743A-295A6A05C2FA}.Debug|Any CPU.ActiveCfg = Debug|Any CPU
		{EFE32D65-E414-4A0D-743A-295A6A05C2FA}.Debug|Any CPU.Build.0 = Debug|Any CPU
		{EFE32D65-E414-4A0D-743A-295A6A05C2FA}.Release|Any CPU.ActiveCfg = Release|Any CPU
		{EFE32D65-E414-4A0D-743A-295A6A05C2FA}.Release|Any CPU.Build.0 = Release|Any CPU
	EndGlobalSection
	GlobalSection(SolutionProperties) = preSolution
		HideSolutionNode = FALSE
	EndGlobalSection
																															GlobalSection(MonoDevelopProperties) = preSolution
		StartupItem = Assembly-CSharp.csproj
		Policies = $0
		$0.TextStylePolicy = $1
		$1.inheritsSet = null
		$1.scope = text/x-csharp
		$0.CSharpFormattingPolicy = $2
		$2.inheritsSet = Mono
		$2.inheritsScope = text/x-csharp
		$2.scope = text/x-csharp
		$0.TextStylePolicy = $3
		$3.FileWidth = 120
		$3.TabWidth = 4
		$3.EolMarker = Unix
		$3.inheritsSet = Mono
		$3.inheritsScope = text/plain
		$3.scope = text/plain
	EndGlobalSection

EndGlobal
